
Microsoft Visual Studio Solution File, Format Version 12.00
# Visual Studio Version 17
VisualStudioVersion = 17.7.34018.315
MinimumVisualStudioVersion = 10.0.40219.1
Project("{FAE04EC0-301F-11D3-BF4B-00C04F79EFBC}") = "kalkulatorius", "kalkulatorius\kalkulatorius.csproj", "{1069A5B4-F2E2-4BC4-917C-7AFB8F1A0A61}"
EndProject
Global
	GlobalSection(SolutionConfigurationPlatforms) = preSolution
		Debug|Any CPU = Debug|Any CPU
		Release|Any CPU = Release|Any CPU
	EndGlobalSection
	GlobalSection(ProjectConfigurationPlatforms) = postSolution
		{1069A5B4-F2E2-4BC4-917C-7AFB8F1A0A61}.Debug|Any CPU.ActiveCfg = Debug|Any CPU
		{1069A5B4-F2E2-4BC4-917C-7AFB8F1A0A61}.Debug|Any CPU.Build.0 = Debug|Any CPU
		{1069A5B4-F2E2-4BC4-917C-7AFB8F1A0A61}.Release|Any CPU.ActiveCfg = Release|Any CPU
		{1069A5B4-F2E2-4BC4-917C-7AFB8F1A0A61}.Release|Any CPU.Build.0 = Release|Any CPU
	EndGlobalSection
	GlobalSection(SolutionProperties) = preSolution
		HideSolutionNode = FALSE
	EndGlobalSection
	GlobalSection(ExtensibilityGlobals) = postSolution
		SolutionGuid = {0FF5A436-1472-4EF6-BFBC-B7D7C71F9F70}
	EndGlobalSection
EndGlobal
